
Microsoft Visual Studio Solution File, Format Version 12.00
# Visual Studio Version 17
VisualStudioVersion = 17.0.31903.59
MinimumVisualStudioVersion = 10.0.40219.1
Project("{2150E333-8FDC-42A3-9474-1A3956D46DE8}") = "Samples", "Samples", "{DE6BE3C5-9ED5-4177-997E-A4858A16E94A}"
EndProject
Project("{9A19103F-16F7-4668-BE54-9A1E7A4F7556}") = "ConsoleApp1", "samples\ConsoleApp1\ConsoleApp1.csproj", "{AA625AC2-936C-4177-9347-4CED0BDBDF19}"
EndProject
Project("{9A19103F-16F7-4668-BE54-9A1E7A4F7556}") = "WebApplication1", "samples\WebApplication1\WebApplication1.csproj", "{8B1E6AAE-06BF-4AD7-90E7-3E6462F1CB8D}"
EndProject
Project("{D954291E-2A0B-460D-934E-DC6B0785DB48}") = "OpenUseSecrets.Shared", "src\OpenUseSecrets.Shared\OpenUseSecrets.Shared.shproj", "{8986D3C3-A92F-4241-A4A6-5D0FDB6DD461}"
EndProject
Project("{FAE04EC0-301F-11D3-BF4B-00C04F79EFBC}") = "OpenUserSecrets16", "src\OpenUserSecrets16\OpenUserSecrets16.csproj", "{DF10F085-F110-4EB7-AFE0-5E6DF04096AC}"
EndProject
Project("{FAE04EC0-301F-11D3-BF4B-00C04F79EFBC}") = "OpenUserSecrets", "src\OpenUserSecrets\OpenUserSecrets.csproj", "{8DCB6E90-9763-4D36-AB4E-E5FF3245F49B}"
EndProject
Global
	GlobalSection(SharedMSBuildProjectFiles) = preSolution
		src\OpenUseSecrets.Shared\OpenUseSecrets.Shared.projitems*{8986d3c3-a92f-4241-a4a6-5d0fdb6dd461}*SharedItemsImports = 13
		src\OpenUseSecrets.Shared\OpenUseSecrets.Shared.projitems*{8dcb6e90-9763-4d36-ab4e-e5ff3245f49b}*SharedItemsImports = 4
		src\OpenUseSecrets.Shared\OpenUseSecrets.Shared.projitems*{df10f085-f110-4eb7-afe0-5e6df04096ac}*SharedItemsImports = 4
	EndGlobalSection
	GlobalSection(SolutionConfigurationPlatforms) = preSolution
		Debug|Any CPU = Debug|Any CPU
		Debug|x86 = Debug|x86
		Release|Any CPU = Release|Any CPU
		Release|x86 = Release|x86
	EndGlobalSection
	GlobalSection(ProjectConfigurationPlatforms) = postSolution
		{AA625AC2-936C-4177-9347-4CED0BDBDF19}.Debug|Any CPU.ActiveCfg = Debug|Any CPU
		{AA625AC2-936C-4177-9347-4CED0BDBDF19}.Debug|Any CPU.Build.0 = Debug|Any CPU
		{AA625AC2-936C-4177-9347-4CED0BDBDF19}.Debug|x86.ActiveCfg = Debug|Any CPU
		{AA625AC2-936C-4177-9347-4CED0BDBDF19}.Debug|x86.Build.0 = Debug|Any CPU
		{AA625AC2-936C-4177-9347-4CED0BDBDF19}.Release|Any CPU.ActiveCfg = Release|Any CPU
		{AA625AC2-936C-4177-9347-4CED0BDBDF19}.Release|Any CPU.Build.0 = Release|Any CPU
		{AA625AC2-936C-4177-9347-4CED0BDBDF19}.Release|x86.ActiveCfg = Release|Any CPU
		{AA625AC2-936C-4177-9347-4CED0BDBDF19}.Release|x86.Build.0 = Release|Any CPU
		{8B1E6AAE-06BF-4AD7-90E7-3E6462F1CB8D}.Debug|Any CPU.ActiveCfg = Debug|Any CPU
		{8B1E6AAE-06BF-4AD7-90E7-3E6462F1CB8D}.Debug|Any CPU.Build.0 = Debug|Any CPU
		{8B1E6AAE-06BF-4AD7-90E7-3E6462F1CB8D}.Debug|x86.ActiveCfg = Debug|Any CPU
		{8B1E6AAE-06BF-4AD7-90E7-3E6462F1CB8D}.Debug|x86.Build.0 = Debug|Any CPU
		{8B1E6AAE-06BF-4AD7-90E7-3E6462F1CB8D}.Release|Any CPU.ActiveCfg = Release|Any CPU
		{8B1E6AAE-06BF-4AD7-90E7-3E6462F1CB8D}.Release|Any CPU.Build.0 = Release|Any CPU
		{8B1E6AAE-06BF-4AD7-90E7-3E6462F1CB8D}.Release|x86.ActiveCfg = Release|Any CPU
		{8B1E6AAE-06BF-4AD7-90E7-3E6462F1CB8D}.Release|x86.Build.0 = Release|Any CPU
		{DF10F085-F110-4EB7-AFE0-5E6DF04096AC}.Debug|Any CPU.ActiveCfg = Debug|Any CPU
		{DF10F085-F110-4EB7-AFE0-5E6DF04096AC}.Debug|Any CPU.Build.0 = Debug|Any CPU
		{DF10F085-F110-4EB7-AFE0-5E6DF04096AC}.Debug|x86.ActiveCfg = Debug|Any CPU
		{DF10F085-F110-4EB7-AFE0-5E6DF04096AC}.Debug|x86.Build.0 = Debug|Any CPU
		{DF10F085-F110-4EB7-AFE0-5E6DF04096AC}.Release|Any CPU.ActiveCfg = Release|Any CPU
		{DF10F085-F110-4EB7-AFE0-5E6DF04096AC}.Release|Any CPU.Build.0 = Release|Any CPU
		{DF10F085-F110-4EB7-AFE0-5E6DF04096AC}.Release|x86.ActiveCfg = Release|Any CPU
		{DF10F085-F110-4EB7-AFE0-5E6DF04096AC}.Release|x86.Build.0 = Release|Any CPU
		{8DCB6E90-9763-4D36-AB4E-E5FF3245F49B}.Debug|Any CPU.ActiveCfg = Debug|Any CPU
		{8DCB6E90-9763-4D36-AB4E-E5FF3245F49B}.Debug|Any CPU.Build.0 = Debug|Any CPU
		{8DCB6E90-9763-4D36-AB4E-E5FF3245F49B}.Debug|x86.ActiveCfg = Debug|x86
		{8DCB6E90-9763-4D36-AB4E-E5FF3245F49B}.Debug|x86.Build.0 = Debug|x86
		{8DCB6E90-9763-4D36-AB4E-E5FF3245F49B}.Release|Any CPU.ActiveCfg = Release|Any CPU
		{8DCB6E90-9763-4D36-AB4E-E5FF3245F49B}.Release|Any CPU.Build.0 = Release|Any CPU
		{8DCB6E90-9763-4D36-AB4E-E5FF3245F49B}.Release|x86.ActiveCfg = Release|x86
		{8DCB6E90-9763-4D36-AB4E-E5FF3245F49B}.Release|x86.Build.0 = Release|x86
	EndGlobalSection
	GlobalSection(SolutionProperties) = preSolution
		HideSolutionNode = FALSE
	EndGlobalSection
	GlobalSection(NestedProjects) = preSolution
		{AA625AC2-936C-4177-9347-4CED0BDBDF19} = {DE6BE3C5-9ED5-4177-997E-A4858A16E94A}
		{8B1E6AAE-06BF-4AD7-90E7-3E6462F1CB8D} = {DE6BE3C5-9ED5-4177-997E-A4858A16E94A}
	EndGlobalSection
	GlobalSection(ExtensibilityGlobals) = postSolution
		SolutionGuid = {1ADD37B0-D47E-405C-9069-F11E7611FEB3}
	EndGlobalSection
EndGlobal
