
Microsoft Visual Studio Solution File, Format Version 12.00
# Visual Studio 15
VisualStudioVersion = 15.0.28307.136
MinimumVisualStudioVersion = 10.0.40219.1
Project("{9A19103F-16F7-4668-BE54-9A1E7A4F7556}") = "ConsoleApp1", "ConsoleApp1\ConsoleApp1.csproj", "{F8860680-AA52-418F-BB13-01ABD4C2ABAF}"
EndProject
Global
	GlobalSection(SolutionConfigurationPlatforms) = preSolution
		Debug|Any CPU = Debug|Any CPU
		Release|Any CPU = Release|Any CPU
	EndGlobalSection
	GlobalSection(ProjectConfigurationPlatforms) = postSolution
		{F8860680-AA52-418F-BB13-01ABD4C2ABAF}.Debug|Any CPU.ActiveCfg = Debug|Any CPU
		{F8860680-AA52-418F-BB13-01ABD4C2ABAF}.Debug|Any CPU.Build.0 = Debug|Any CPU
		{F8860680-AA52-418F-BB13-01ABD4C2ABAF}.Release|Any CPU.ActiveCfg = Release|Any CPU
		{F8860680-AA52-418F-BB13-01ABD4C2ABAF}.Release|Any CPU.Build.0 = Release|Any CPU
	EndGlobalSection
	GlobalSection(SolutionProperties) = preSolution
		HideSolutionNode = FALSE
	EndGlobalSection
	GlobalSection(ExtensibilityGlobals) = postSolution
		SolutionGuid = {9C22490E-A1EB-42F3-B496-8DFCCE1BD305}
	EndGlobalSection
EndGlobal
