
Microsoft Visual Studio Solution File, Format Version 12.00
# Visual Studio 15
VisualStudioVersion = 15.0.28307.168
MinimumVisualStudioVersion = 10.0.40219.1
Project("{FAE04EC0-301F-11D3-BF4B-00C04F79EFBC}") = "OpenUserSecrets", "OpenUserSecrets\OpenUserSecrets.csproj", "{DF10F085-F110-4EB7-AFE0-5E6DF04096AC}"
EndProject
Global
	GlobalSection(SolutionConfigurationPlatforms) = preSolution
		Debug|Any CPU = Debug|Any CPU
		Release|Any CPU = Release|Any CPU
	EndGlobalSection
	GlobalSection(ProjectConfigurationPlatforms) = postSolution
		{DF10F085-F110-4EB7-AFE0-5E6DF04096AC}.Debug|Any CPU.ActiveCfg = Debug|Any CPU
		{DF10F085-F110-4EB7-AFE0-5E6DF04096AC}.Debug|Any CPU.Build.0 = Debug|Any CPU
		{DF10F085-F110-4EB7-AFE0-5E6DF04096AC}.Release|Any CPU.ActiveCfg = Release|Any CPU
		{DF10F085-F110-4EB7-AFE0-5E6DF04096AC}.Release|Any CPU.Build.0 = Release|Any CPU
	EndGlobalSection
	GlobalSection(SolutionProperties) = preSolution
		HideSolutionNode = FALSE
	EndGlobalSection
	GlobalSection(ExtensibilityGlobals) = postSolution
		SolutionGuid = {1ADD37B0-D47E-405C-9069-F11E7611FEB3}
	EndGlobalSection
EndGlobal
